{
    "_meta": {
        "hash": {
            "sha256": "dfd5d7aa8f21466bdc58f555fe11c2e056520fec975e009ffc9fe6d7623f2f46"
        },
        "pipfile-spec": 6,
        "requires": {
            "python_version": "3.9"
        },
        "sources": [
            {
                "name": "pypi",
                "url": "https://pypi.org/simple",
                "verify_ssl": true
            }
        ]
    },
    "default": {
        "azure-functions": {
            "hashes": [
                "sha256:443b049652ede41e57a698230cc3848d20e5b53dff52bc4a636ee0820813f1b5",
                "sha256:e8e470d87327f76fcc25a038757f38d19c0182091ed183bd2239505a4e61587a"
            ],
            "index": "pypi",
            "version": "==1.12.0"
        }
    },
    "develop": {
        "autopep8": {
            "hashes": [
                "sha256:8b1659c7f003e693199f52caffdc06585bb0716900bbc6a7442fd931d658c077",
                "sha256:ad924b42c2e27a1ac58e432166cc4588f5b80747de02d0d35b1ecbd3e7d57207"
            ],
            "index": "pypi",
            "version": "==2.0.0"
        },
        "pycodestyle": {
            "hashes": [
                "sha256:347187bdb476329d98f695c213d7295a846d1152ff4fe9bacb8a9590b8ee7053",
                "sha256:8a4eaf0d0495c7395bdab3589ac2db602797d76207242c17d470186815706610"
            ],
            "markers": "python_version >= '3.6'",
            "version": "==2.10.0"
        },
        "tomli": {
            "hashes": [
                "sha256:939de3e7a6161af0c887ef91b7d41a53e7c5a1ca976325f429cb46ea9bc30ecc",
                "sha256:de526c12914f0c550d15924c62d72abc48d6fe7364aa87328337a31007fe8a4f"
            ],
            "markers": "python_version >= '3.7'",
            "version": "==2.0.1"
        }
    }
}
